<?xml version="1.0" encoding="UTF-8" standalone="yes" ?>
<CodeBlocks_project_file>
	<FileVersion major="1" minor="6" />
	<Project>
		<Option title="Frost" />
		<Option pch_mode="2" />
		<Option compiler="gcc" />
		<Build>
			<Target title="Debug_Win32">
				<Option platforms="Windows;" />
				<Option output="bin\FrostD" prefix_auto="1" extension_auto="1" />
				<Option working_dir="bin\" />
				<Option object_output="obj_Frost\Debug_Win32\" />
				<Option type="1" />
				<Option compiler="gcc" />
				<Compiler>
					<Add option="-g" />
					<Add option="-mthreads" />
					<Add option="-fmessage-length=0" />
					<Add option="-fexceptions" />
					<Add option="-fident" />
					<Add option="-D_DEBUG" />
					<Add option="-DWIN32" />
					<Add option="-D_WINDOWS" />
				</Compiler>
				<Linker>
					<Add option="-Wl,--enable-runtime-pseudo-reloc" />
					<Add option="-Wl,--enable-auto-image-base" />
					<Add option="-Wl,--enable-auto-import" />
					<Add option="-Wl,--add-stdcall-alias" />
					<Add option="-Wl,--allow-multiple-definition" />
					<Add library="OgreMain_d" />
					<Add library="OIS_d" />
					<Add library="libutils_d.a" />
					<Add library="liblua5.1_d.a" />
				</Linker>
			</Target>
			<Target title="Release_Win32">
				<Option platforms="Windows;" />
				<Option output="bin\Frost" prefix_auto="1" extension_auto="1" />
				<Option working_dir="bin\" />
				<Option object_output="obj_Frost\Release_Win32\" />
				<Option type="0" />
				<Option compiler="gcc" />
				<Compiler>
					<Add option="-O3" />
					<Add option="-mthreads" />
					<Add option="-fmessage-length=0" />
					<Add option="-fexceptions" />
					<Add option="-fident" />
					<Add option="-DNDEBUG" />
					<Add option="-DWIN32" />
					<Add option="-D_WINDOWS" />
				</Compiler>
				<Linker>
					<Add option="-s" />
					<Add option="-Wl,--enable-runtime-pseudo-reloc" />
					<Add option="-Wl,--enable-auto-image-base" />
					<Add option="-Wl,--enable-auto-import" />
					<Add option="-Wl,--add-stdcall-alias" />
					<Add option="-Wl,--allow-multiple-definition" />
					<Add library="OgreMain" />
					<Add library="OIS" />
					<Add library="libutils.a" />
					<Add library="liblua5.1.a" />
				</Linker>
			</Target>
			<Target title="Debug_Linux">
				<Option platforms="Unix;" />
				<Option output="bin\FrostD" prefix_auto="1" extension_auto="1" />
				<Option working_dir="bin\" />
				<Option object_output="obj_Frost\Debug_Linux\" />
				<Option type="1" />
				<Option compiler="gcc" />
				<Compiler>
					<Add option="-g" />
					<Add option="-D_DEBUG" />
					<Add option="-DFROST_LINUX" />
					<Add option="-DLUA_USE_MKSTEMP" />
				</Compiler>
				<Linker>
					<Add library="OgreMain_d" />
					<Add library="OIS" />
					<Add library="libutils_l_d.a" />
					<Add library="liblua5.1_l_d.a" />
				</Linker>
			</Target>
			<Target title="Release_Linux">
				<Option platforms="Unix;" />
				<Option output="bin\Frost" prefix_auto="1" extension_auto="1" />
				<Option working_dir="bin\" />
				<Option object_output="obj_Frost\Release_Linux\" />
				<Option type="0" />
				<Option compiler="gcc" />
				<Compiler>
					<Add option="-O2" />
					<Add option="-Wall" />
					<Add option="-DNDEBUG" />
					<Add option="-DFROST_LINUX" />
					<Add option="-DLUA_USE_MKSTEMP" />
				</Compiler>
				<Linker>
					<Add option="-s" />
					<Add library="OgreMain" />
					<Add library="OIS" />
					<Add library="libutils_l.a" />
					<Add library="liblua5.1_l.a" />
				</Linker>
			</Target>
		</Build>
		<Compiler>
			<Add option="-Wall" />
			<Add directory="..\ogre\OgreMain\include" />
			<Add directory="include" />
			<Add directory="..\ogre\Dependencies\include" />
			<Add directory="dependencies" />
		</Compiler>
		<Linker>
			<Add directory="..\ogre\lib" />
			<Add directory="lib" />
			<Add directory="bin" />
		</Linker>
		<Unit filename="bin\Config.lua" />
		<Unit filename="bin\DB\Buffs.def" />
		<Unit filename="bin\DB\Buffs.xml" />
		<Unit filename="bin\DB\CharacterModels.def" />
		<Unit filename="bin\DB\CharacterModels.xml" />
		<Unit filename="bin\DB\Classes.def" />
		<Unit filename="bin\DB\Classes.xml" />
		<Unit filename="bin\DB\CreatureModels.def" />
		<Unit filename="bin\DB\CreatureModels.xml" />
		<Unit filename="bin\DB\Creatures.def" />
		<Unit filename="bin\DB\Creatures.xml" />
		<Unit filename="bin\DB\Effects.def" />
		<Unit filename="bin\DB\Effects.xml" />
		<Unit filename="bin\DB\HealthTypeScripts.lua" />
		<Unit filename="bin\DB\HealthTypes.def" />
		<Unit filename="bin\DB\HealthTypes.xml" />
		<Unit filename="bin\DB\ItemModels.def" />
		<Unit filename="bin\DB\ItemModels.xml" />
		<Unit filename="bin\DB\Items.def" />
		<Unit filename="bin\DB\Items.xml" />
		<Unit filename="bin\DB\KeyCodes.lua" />
		<Unit filename="bin\DB\PowerTypeScripts.lua" />
		<Unit filename="bin\DB\PowerTypes.def" />
		<Unit filename="bin\DB\PowerTypes.xml" />
		<Unit filename="bin\DB\Projectiles.def" />
		<Unit filename="bin\DB\Projectiles.xml" />
		<Unit filename="bin\DB\Races.def" />
		<Unit filename="bin\DB\Races.xml" />
		<Unit filename="bin\DB\SpellSchools.def" />
		<Unit filename="bin\DB\SpellSchools.xml" />
		<Unit filename="bin\DB\Spells.def" />
		<Unit filename="bin\DB\Spells.xml" />
		<Unit filename="bin\DB\Vector.lua" />
		<Unit filename="bin\Gameplays\FirstPerson.lua" />
		<Unit filename="bin\Gameplays\FirstPerson.xml" />
		<Unit filename="bin\Gameplays\Free.lua" />
		<Unit filename="bin\Gameplays\Free.xml" />
		<Unit filename="bin\Gameplays\Gameplay.def" />
		<Unit filename="bin\Gameplays\TopDown.lua" />
		<Unit filename="bin\Gameplays\TopDown.xml" />
		<Unit filename="bin\Interface\AddOns\FPSCounter\FPSCounter.lua" />
		<Unit filename="bin\Interface\AddOns\FPSCounter\FPSCounter.xml" />
		<Unit filename="bin\Interface\BaseUI\Templates\Template_Dialog.xml" />
		<Unit filename="bin\Interface\BaseUI\UIParent\UIParent.xml" />
		<Unit filename="bin\Interface\UI.def" />
		<Unit filename="bin\Locale\enGB\LocaleClass.lua" />
		<Unit filename="bin\Locale\enGB\LocaleSpells.lua" />
		<Unit filename="bin\Locale\frFR\LocaleClass.lua" />
		<Unit filename="bin\Locale\frFR\LocaleSpells.lua" />
		<Unit filename="include\camera\frost_camera.h" />
		<Unit filename="include\camera\frost_cameramanager.h" />
		<Unit filename="include\frost.h" />
		<Unit filename="include\frost_engine.h" />
		<Unit filename="include\frost_inputmanager.h" />
		<Unit filename="include\frost_localemanager.h" />
		<Unit filename="include\frost_macros.h" />
		<Unit filename="include\frost_stableheaders.h">
			<Option compile="1" />
		</Unit>
		<Unit filename="include\gameplay\frost_gameplay.h" />
		<Unit filename="include\gameplay\frost_gameplaymanager.h" />
		<Unit filename="include\gui\frost_anchor.h" />
		<Unit filename="include\gui\frost_backdrop.h" />
		<Unit filename="include\gui\frost_button.h" />
		<Unit filename="include\gui\frost_editbox.h" />
		<Unit filename="include\gui\frost_fontmanager.h" />
		<Unit filename="include\gui\frost_fontstring.h" />
		<Unit filename="include\gui\frost_frame.h" />
		<Unit filename="include\gui\frost_gradient.h" />
		<Unit filename="include\gui\frost_guimanager.h" />
		<Unit filename="include\gui\frost_guistructs.h" />
		<Unit filename="include\gui\frost_layeredregion.h" />
		<Unit filename="include\gui\frost_scrollingmessageframe.h" />
		<Unit filename="include\gui\frost_slider.h" />
		<Unit filename="include\gui\frost_sprite.h" />
		<Unit filename="include\gui\frost_spritemanager.h" />
		<Unit filename="include\gui\frost_statusbar.h" />
		<Unit filename="include\gui\frost_text.h" />
		<Unit filename="include\gui\frost_texture.h" />
		<Unit filename="include\gui\frost_uiobject.h" />
		<Unit filename="include\libs\frost_lib_std.h" />
		<Unit filename="include\libs\frost_lib_utils.h" />
		<Unit filename="include\lua\frost_lua.h" />
		<Unit filename="include\material\frost_decal.h" />
		<Unit filename="include\material\frost_material.h" />
		<Unit filename="include\material\frost_materialmanager.h" />
		<Unit filename="include\model\frost_animmanager.h" />
		<Unit filename="include\model\frost_model.h" />
		<Unit filename="include\model\frost_modeldata.h" />
		<Unit filename="include\model\frost_modelmanager.h" />
		<Unit filename="include\model\frost_modelstructs.h" />
		<Unit filename="include\path\frost_path.h" />
		<Unit filename="include\path\frost_path_directpath.h" />
		<Unit filename="include\path\frost_path_manualpath.h" />
		<Unit filename="include\path\frost_path_smoothpath.h" />
		<Unit filename="include\path\frost_pathmanager.h" />
		<Unit filename="include\scene\frost_light.h" />
		<Unit filename="include\scene\frost_lightmanager.h" />
		<Unit filename="include\scene\frost_movableobject.h" />
		<Unit filename="include\scene\frost_node.h" />
		<Unit filename="include\scene\frost_obstacle.h" />
		<Unit filename="include\scene\frost_physicshandler.h" />
		<Unit filename="include\scene\frost_physicsmanager.h" />
		<Unit filename="include\scene\frost_plane.h" />
		<Unit filename="include\scene\frost_scenemanager.h" />
		<Unit filename="include\spell\frost_spell.h" />
		<Unit filename="include\terrain\frost_terrain.h" />
		<Unit filename="include\terrain\frost_terraindata.h" />
		<Unit filename="include\terrain\frost_terrainstructs.h" />
		<Unit filename="include\unit\frost_character.h" />
		<Unit filename="include\unit\frost_creature.h" />
		<Unit filename="include\unit\frost_healthtype.h" />
		<Unit filename="include\unit\frost_movableunit.h" />
		<Unit filename="include\unit\frost_powertype.h" />
		<Unit filename="include\unit\frost_stats.h" />
		<Unit filename="include\unit\frost_unit.h" />
		<Unit filename="include\unit\frost_unitmanager.h" />
		<Unit filename="include\xml\frost_xml_block.h" />
		<Unit filename="include\xml\frost_xml_document.h" />
		<Unit filename="ressources.rc">
			<Option compilerVar="WINDRES" />
		</Unit>
		<Unit filename="src\camera\frost_camera.cpp" />
		<Unit filename="src\camera\frost_cameramanager.cpp" />
		<Unit filename="src\frost_engine.cpp" />
		<Unit filename="src\frost_inputmanager.cpp" />
		<Unit filename="src\frost_localemanager.cpp" />
		<Unit filename="src\frost_main.cpp" />
		<Unit filename="src\gameplay\frost_gameplay.cpp" />
		<Unit filename="src\gameplay\frost_gameplay_glues.cpp" />
		<Unit filename="src\gameplay\frost_gameplaymanager.cpp" />
		<Unit filename="src\gui\frost_anchor.cpp" />
		<Unit filename="src\gui\frost_backdrop.cpp" />
		<Unit filename="src\gui\frost_button.cpp" />
		<Unit filename="src\gui\frost_button_glues.cpp" />
		<Unit filename="src\gui\frost_editbox.cpp" />
		<Unit filename="src\gui\frost_editbox_glues.cpp" />
		<Unit filename="src\gui\frost_fontmanager.cpp" />
		<Unit filename="src\gui\frost_fontstring.cpp" />
		<Unit filename="src\gui\frost_fontstring_glues.cpp" />
		<Unit filename="src\gui\frost_frame.cpp" />
		<Unit filename="src\gui\frost_frame_glues.cpp" />
		<Unit filename="src\gui\frost_gradient.cpp" />
		<Unit filename="src\gui\frost_guimanager.cpp" />
		<Unit filename="src\gui\frost_guistructs.cpp" />
		<Unit filename="src\gui\frost_layeredregion.cpp" />
		<Unit filename="src\gui\frost_layeredregion_glues.cpp" />
		<Unit filename="src\gui\frost_lunar.cpp" />
		<Unit filename="src\gui\frost_scrollingmessageframe.cpp" />
		<Unit filename="src\gui\frost_scrollingmessageframe_glues.cpp" />
		<Unit filename="src\gui\frost_slider.cpp" />
		<Unit filename="src\gui\frost_slider_glues.cpp" />
		<Unit filename="src\gui\frost_sprite.cpp" />
		<Unit filename="src\gui\frost_spritemanager.cpp" />
		<Unit filename="src\gui\frost_statusbar.cpp" />
		<Unit filename="src\gui\frost_statusbar_glues.cpp" />
		<Unit filename="src\gui\frost_text.cpp" />
		<Unit filename="src\gui\frost_texture.cpp" />
		<Unit filename="src\gui\frost_texture_glues.cpp" />
		<Unit filename="src\gui\frost_uiobject.cpp" />
		<Unit filename="src\gui\frost_uiobject_glues.cpp" />
		<Unit filename="src\lua\frost_lua.cpp" />
		<Unit filename="src\lua\frost_lua_glues.cpp" />
		<Unit filename="src\material\frost_decal.cpp" />
		<Unit filename="src\material\frost_material.cpp" />
		<Unit filename="src\material\frost_materialmanager.cpp" />
		<Unit filename="src\model\frost_animmanager.cpp" />
		<Unit filename="src\model\frost_model.cpp" />
		<Unit filename="src\model\frost_modeldata.cpp" />
		<Unit filename="src\model\frost_modelmanager.cpp" />
		<Unit filename="src\model\frost_modelpart.cpp" />
		<Unit filename="src\parsers\frost_gameplaymanager_parser.cpp" />
		<Unit filename="src\parsers\frost_guimanager_parser.cpp" />
		<Unit filename="src\parsers\frost_unitmanager_parser.cpp" />
		<Unit filename="src\path\frost_path.cpp" />
		<Unit filename="src\path\frost_path_directpath.cpp" />
		<Unit filename="src\path\frost_path_manualpath.cpp" />
		<Unit filename="src\path\frost_path_smoothpath.cpp" />
		<Unit filename="src\path\frost_pathmanager.cpp" />
		<Unit filename="src\scene\frost_light.cpp" />
		<Unit filename="src\scene\frost_lightmanager.cpp" />
		<Unit filename="src\scene\frost_movableobject.cpp" />
		<Unit filename="src\scene\frost_movableobject_glues.cpp" />
		<Unit filename="src\scene\frost_node.cpp" />
		<Unit filename="src\scene\frost_obstacle.cpp" />
		<Unit filename="src\scene\frost_physicshandler.cpp" />
		<Unit filename="src\scene\frost_physicsmanager.cpp" />
		<Unit filename="src\scene\frost_plane.cpp" />
		<Unit filename="src\scene\frost_scenemanager.cpp" />
		<Unit filename="src\spell\frost_spell.cpp" />
		<Unit filename="src\terrain\frost_terrain.cpp" />
		<Unit filename="src\terrain\frost_terraindata.cpp" />
		<Unit filename="src\unit\frost_character.cpp" />
		<Unit filename="src\unit\frost_character_glues.cpp" />
		<Unit filename="src\unit\frost_creature.cpp" />
		<Unit filename="src\unit\frost_creature_glues.cpp" />
		<Unit filename="src\unit\frost_healthtype.cpp" />
		<Unit filename="src\unit\frost_movableunit.cpp" />
		<Unit filename="src\unit\frost_movableunit_glues.cpp" />
		<Unit filename="src\unit\frost_powertype.cpp" />
		<Unit filename="src\unit\frost_stats.cpp" />
		<Unit filename="src\unit\frost_unit.cpp" />
		<Unit filename="src\unit\frost_unit_glues.cpp" />
		<Unit filename="src\unit\frost_unitmanager.cpp" />
		<Unit filename="src\unit\frost_unitmanager_glues.cpp" />
		<Unit filename="src\xml\frost_xml_block.cpp" />
		<Unit filename="src\xml\frost_xml_document.cpp" />
		<Extensions>
			<code_completion />
			<debugger />
			<envvars />
		</Extensions>
	</Project>
</CodeBlocks_project_file>
