<?xml version="1.0" encoding="UTF-8" standalone="yes" ?>
<CodeBlocks_project_file>
	<FileVersion major="1" minor="6" />
	<Project>
		<Option title="Frost - Input" />
		<Option pch_mode="2" />
		<Option compiler="gcc" />
		<Build>
			<Target title="Win32_Release">
				<Option output="lib\libInput" prefix_auto="1" extension_auto="1" />
				<Option working_dir="" />
				<Option object_output="obj_Input\Release\" />
				<Option type="2" />
				<Option compiler="gcc" />
				<Option createDefFile="1" />
				<Compiler>
					<Add option="-O2" />
					<Add option="-Wall" />
					<Add option="-DWIN32" />
				</Compiler>
				<Linker>
					<Add option="-s" />
				</Linker>
			</Target>
			<Target title="Win32_Debug">
				<Option output="lib\libInput_d" prefix_auto="1" extension_auto="1" />
				<Option working_dir="" />
				<Option object_output="obj_Input\Debug\" />
				<Option type="2" />
				<Option compiler="gcc" />
				<Option createDefFile="1" />
				<Compiler>
					<Add option="-Wall" />
					<Add option="-g" />
					<Add option="-DWIN32" />
				</Compiler>
			</Target>
			<Target title="Linux_Release">
				<Option platforms="Unix;" />
				<Option output="lib\libInput" prefix_auto="1" extension_auto="1" />
				<Option working_dir="" />
				<Option object_output="obj_Input\Release\" />
				<Option type="2" />
				<Option compiler="gcc" />
				<Option createDefFile="1" />
				<Compiler>
					<Add option="-Wall" />
					<Add option="-O2" />
				</Compiler>
				<Linker>
					<Add option="-s" />
				</Linker>
			</Target>
			<Target title="Linux_Debug">
				<Option platforms="Unix;" />
				<Option output="lib\libInput_d" prefix_auto="1" extension_auto="1" />
				<Option working_dir="" />
				<Option object_output="obj_Input\Debug\" />
				<Option type="2" />
				<Option compiler="gcc" />
				<Option createDefFile="1" />
				<Compiler>
					<Add option="-Wall" />
					<Add option="-g" />
				</Compiler>
			</Target>
		</Build>
		<Compiler>
			<Add directory="Input\include" />
			<Add directory="include\utils" />
			<Add directory="dependencies\OIS" />
			<Add directory="dependencies\lua" />
			<Add directory="..\boost_1_43_0" />
		</Compiler>
		<Unit filename="Input\include\frost_inputmanager.h" />
		<Unit filename="Input\include\frost_localemanager.h" />
		<Unit filename="Input\src\frost_inputmanager.cpp" />
		<Unit filename="Input\src\frost_localemanager.cpp" />
		<Extensions>
			<code_completion />
			<envvars />
			<debugger />
			<lib_finder disable_auto="1" />
		</Extensions>
	</Project>
</CodeBlocks_project_file>
