<?xml version="1.0" encoding="UTF-8" standalone="yes" ?>
<CodeBlocks_project_file>
	<FileVersion major="1" minor="6" />
	<Project>
		<Option title="Frost - GUI" />
		<Option pch_mode="2" />
		<Option compiler="gcc" />
		<Build>
			<Target title="Release_SFML">
				<Option output="..\lib\libgui_sfml" prefix_auto="1" extension_auto="1" />
				<Option working_dir="" />
				<Option object_output="obj\Release\SFML\" />
				<Option type="2" />
				<Option compiler="gcc" />
				<Option createDefFile="1" />
				<Compiler>
					<Add option="-O2" />
					<Add option="-Wall" />
					<Add option="-DFRONT_END_SFML" />
					<Add option="-DUSING_THREADS" />
					<Add directory="..\..\boost_1_43_0" />
					<Add directory="..\..\SFML-2.0\include" />
				</Compiler>
				<Linker>
					<Add option="-s" />
				</Linker>
			</Target>
			<Target title="Debug_SFML">
				<Option output="..\lib\libgui_sfml_d" prefix_auto="1" extension_auto="1" />
				<Option working_dir="" />
				<Option object_output="obj\Debug\SFML\" />
				<Option type="2" />
				<Option compiler="gcc" />
				<Option createDefFile="1" />
				<Compiler>
					<Add option="-Wall" />
					<Add option="-g" />
					<Add option="-DFRONT_END_SFML" />
					<Add option="-DUSING_THREADS" />
					<Add directory="..\..\boost_1_43_0" />
					<Add directory="..\..\SFML-2.0\include" />
				</Compiler>
			</Target>
			<Target title="Release_OGRE">
				<Option output="..\lib\libgui_ogre" prefix_auto="1" extension_auto="1" />
				<Option working_dir="" />
				<Option object_output="obj\Release\OGRE\" />
				<Option type="2" />
				<Option compiler="gcc" />
				<Option createDefFile="1" />
				<Compiler>
					<Add option="-O2" />
					<Add option="-Wall" />
					<Add option="-DFRONT_END_OGRE" />
					<Add option="-DUSING_OGRE" />
					<Add directory="..\..\ogre\OgreMain\include" />
				</Compiler>
				<Linker>
					<Add option="-s" />
				</Linker>
			</Target>
			<Target title="Debug_OGRE">
				<Option output="..\lib\libgui_ogre_d" prefix_auto="1" extension_auto="1" />
				<Option working_dir="" />
				<Option object_output="obj\Debug\OGRE\" />
				<Option type="2" />
				<Option compiler="gcc" />
				<Option createDefFile="1" />
				<Compiler>
					<Add option="-Wall" />
					<Add option="-g" />
					<Add option="-DFRONT_END_OGRE" />
					<Add option="-DUSING_OGRE" />
					<Add directory="..\..\ogre\OgreMain\include" />
				</Compiler>
			</Target>
		</Build>
		<VirtualTargets>
			<Add alias="OGRE" targets="Release_OGRE;Debug_OGRE;" />
			<Add alias="SFML" targets="Release_SFML;Debug_SFML;" />
		</VirtualTargets>
		<Compiler>
			<Add directory="include" />
			<Add directory="..\Input\include" />
			<Add directory="..\XML\include" />
			<Add directory="..\Utils\include" />
			<Add directory="..\Lunar" />
			<Add directory="..\..\lua5.1\include" />
			<Add directory="..\..\OIS\includes" />
			<Add directory="..\..\freetype-2.3.11\include" />
		</Compiler>
		<Unit filename="include\frost_anchor.h" />
		<Unit filename="include\frost_backdrop.h" />
		<Unit filename="include\frost_button.h" />
		<Unit filename="include\frost_checkbutton.h" />
		<Unit filename="include\frost_editbox.h" />
		<Unit filename="include\frost_font.h" />
		<Unit filename="include\frost_fontmanager.h" />
		<Unit filename="include\frost_fontstring.h" />
		<Unit filename="include\frost_frame.h" />
		<Unit filename="include\frost_gradient.h" />
		<Unit filename="include\frost_guimanager.h" />
		<Unit filename="include\frost_layeredregion.h" />
		<Unit filename="include\frost_material.h" />
		<Unit filename="include\frost_messageframe.h" />
		<Unit filename="include\frost_region.h" />
		<Unit filename="include\frost_rendertarget.h" />
		<Unit filename="include\frost_scrollframe.h" />
		<Unit filename="include\frost_scrollingmessageframe.h" />
		<Unit filename="include\frost_slider.h" />
		<Unit filename="include\frost_sprite.h" />
		<Unit filename="include\frost_statusbar.h" />
		<Unit filename="include\frost_text.h" />
		<Unit filename="include\frost_texture.h" />
		<Unit filename="include\frost_uiobject.h" />
		<Unit filename="include\impl\ogre\ogre_font.h">
			<Option target="Release_OGRE" />
			<Option target="Debug_OGRE" />
		</Unit>
		<Unit filename="include\impl\ogre\ogre_guimanager.h">
			<Option target="Release_OGRE" />
			<Option target="Debug_OGRE" />
		</Unit>
		<Unit filename="include\impl\ogre\ogre_material.h">
			<Option target="Release_OGRE" />
			<Option target="Debug_OGRE" />
		</Unit>
		<Unit filename="include\impl\ogre\ogre_quad.h">
			<Option target="Release_OGRE" />
			<Option target="Debug_OGRE" />
		</Unit>
		<Unit filename="include\impl\ogre\ogre_rendertarget.h">
			<Option target="Release_OGRE" />
			<Option target="Debug_OGRE" />
		</Unit>
		<Unit filename="include\impl\ogre\ogre_sprite.h">
			<Option target="Release_OGRE" />
			<Option target="Debug_OGRE" />
		</Unit>
		<Unit filename="include\impl\ogre\ogre_spritemanager.h">
			<Option target="Release_OGRE" />
			<Option target="Debug_OGRE" />
		</Unit>
		<Unit filename="include\impl\sfml\sfml_font.h">
			<Option target="Release_SFML" />
			<Option target="Debug_SFML" />
		</Unit>
		<Unit filename="include\impl\sfml\sfml_guimanager.h">
			<Option target="Release_SFML" />
			<Option target="Debug_SFML" />
		</Unit>
		<Unit filename="include\impl\sfml\sfml_material.h">
			<Option target="Release_SFML" />
			<Option target="Debug_SFML" />
		</Unit>
		<Unit filename="include\impl\sfml\sfml_rendertarget.h">
			<Option target="Release_SFML" />
			<Option target="Debug_SFML" />
		</Unit>
		<Unit filename="include\impl\sfml\sfml_sprite.h">
			<Option target="Release_SFML" />
			<Option target="Debug_SFML" />
		</Unit>
		<Unit filename="include\impl\sfml\sfml_texturemanager.h">
			<Option target="Release_SFML" />
			<Option target="Debug_SFML" />
		</Unit>
		<Unit filename="src\frost_anchor.cpp" />
		<Unit filename="src\frost_backdrop.cpp" />
		<Unit filename="src\frost_button.cpp" />
		<Unit filename="src\frost_button_glues.cpp" />
		<Unit filename="src\frost_button_parser.cpp" />
		<Unit filename="src\frost_checkbutton.cpp" />
		<Unit filename="src\frost_checkbutton_glues.cpp" />
		<Unit filename="src\frost_checkbutton_parser.cpp" />
		<Unit filename="src\frost_editbox.cpp" />
		<Unit filename="src\frost_editbox_glues.cpp" />
		<Unit filename="src\frost_editbox_parser.cpp" />
		<Unit filename="src\frost_font.cpp" />
		<Unit filename="src\frost_fontmanager.cpp" />
		<Unit filename="src\frost_fontstring.cpp" />
		<Unit filename="src\frost_fontstring_glues.cpp" />
		<Unit filename="src\frost_fontstring_parser.cpp" />
		<Unit filename="src\frost_frame.cpp" />
		<Unit filename="src\frost_frame_glues.cpp" />
		<Unit filename="src\frost_frame_parser.cpp" />
		<Unit filename="src\frost_gradient.cpp" />
		<Unit filename="src\frost_guimanager.cpp" />
		<Unit filename="src\frost_layeredregion.cpp" />
		<Unit filename="src\frost_layeredregion_glues.cpp" />
		<Unit filename="src\frost_layeredregion_parser.cpp" />
		<Unit filename="src\frost_lunar.cpp" />
		<Unit filename="src\frost_material.cpp" />
		<Unit filename="src\frost_messageframe.cpp" />
		<Unit filename="src\frost_messageframe_glues.cpp" />
		<Unit filename="src\frost_messageframe_parser.cpp" />
		<Unit filename="src\frost_region.cpp" />
		<Unit filename="src\frost_region_parser.cpp" />
		<Unit filename="src\frost_rendertarget.cpp" />
		<Unit filename="src\frost_scrollframe.cpp" />
		<Unit filename="src\frost_scrollframe_glues.cpp" />
		<Unit filename="src\frost_scrollframe_parser.cpp" />
		<Unit filename="src\frost_scrollingmessageframe.cpp" />
		<Unit filename="src\frost_scrollingmessageframe_glues.cpp" />
		<Unit filename="src\frost_scrollingmessageframe_parser.cpp" />
		<Unit filename="src\frost_slider.cpp" />
		<Unit filename="src\frost_slider_glues.cpp" />
		<Unit filename="src\frost_slider_parser.cpp" />
		<Unit filename="src\frost_sprite.cpp" />
		<Unit filename="src\frost_statusbar.cpp" />
		<Unit filename="src\frost_statusbar_glues.cpp" />
		<Unit filename="src\frost_statusbar_parser.cpp" />
		<Unit filename="src\frost_text.cpp" />
		<Unit filename="src\frost_texture.cpp" />
		<Unit filename="src\frost_texture_glues.cpp" />
		<Unit filename="src\frost_texture_parser.cpp" />
		<Unit filename="src\frost_uiobject.cpp" />
		<Unit filename="src\frost_uiobject_glues.cpp" />
		<Unit filename="src\frost_uiobject_parser.cpp" />
		<Unit filename="src\impl\ogre\ogre_font.cpp">
			<Option target="Release_OGRE" />
			<Option target="Debug_OGRE" />
		</Unit>
		<Unit filename="src\impl\ogre\ogre_guimanager.cpp">
			<Option target="Release_OGRE" />
			<Option target="Debug_OGRE" />
		</Unit>
		<Unit filename="src\impl\ogre\ogre_material.cpp">
			<Option target="Release_OGRE" />
			<Option target="Debug_OGRE" />
		</Unit>
		<Unit filename="src\impl\ogre\ogre_rendertarget.cpp">
			<Option target="Release_OGRE" />
			<Option target="Debug_OGRE" />
		</Unit>
		<Unit filename="src\impl\ogre\ogre_sprite.cpp">
			<Option target="Release_OGRE" />
			<Option target="Debug_OGRE" />
		</Unit>
		<Unit filename="src\impl\ogre\ogre_spritemanager.cpp">
			<Option target="Release_OGRE" />
			<Option target="Debug_OGRE" />
		</Unit>
		<Unit filename="src\impl\sfml\sfml_font.cpp">
			<Option target="Release_SFML" />
			<Option target="Debug_SFML" />
		</Unit>
		<Unit filename="src\impl\sfml\sfml_guimanager.cpp">
			<Option target="Release_SFML" />
			<Option target="Debug_SFML" />
		</Unit>
		<Unit filename="src\impl\sfml\sfml_material.cpp">
			<Option target="Release_SFML" />
			<Option target="Debug_SFML" />
		</Unit>
		<Unit filename="src\impl\sfml\sfml_rendertarget.cpp">
			<Option target="Release_SFML" />
			<Option target="Debug_SFML" />
		</Unit>
		<Unit filename="src\impl\sfml\sfml_sprite.cpp">
			<Option target="Release_SFML" />
			<Option target="Debug_SFML" />
		</Unit>
		<Unit filename="src\impl\sfml\sfml_texturemanager.cpp">
			<Option target="Release_SFML" />
			<Option target="Debug_SFML" />
		</Unit>
		<Extensions>
			<code_completion />
			<envvars />
			<debugger />
			<lib_finder disable_auto="1" />
		</Extensions>
	</Project>
</CodeBlocks_project_file>
