<?xml version="1.0" encoding="UTF-8" standalone="yes" ?>
<CodeBlocks_project_file>
	<FileVersion major="1" minor="6" />
	<Project>
		<Option title="Frost - XML" />
		<Option pch_mode="2" />
		<Option compiler="gcc" />
		<Build>
			<Target title="Release_Win32">
				<Option platforms="Windows;Unix;" />
				<Option output="..\lib\xml" prefix_auto="1" extension_auto="1" />
				<Option working_dir="" />
				<Option object_output="obj\Release\" />
				<Option type="2" />
				<Option compiler="gcc" />
				<Option createDefFile="1" />
				<Compiler>
					<Add option="-O3" />
					<Add option="-DWIN32" />
				</Compiler>
				<Linker>
					<Add option="-s" />
				</Linker>
			</Target>
			<Target title="Debug_Win32">
				<Option platforms="Windows;Unix;" />
				<Option output="..\lib\xml_d" prefix_auto="1" extension_auto="1" />
				<Option working_dir="" />
				<Option object_output="obj\Debug\" />
				<Option type="2" />
				<Option compiler="gcc" />
				<Option createDefFile="1" />
				<Compiler>
					<Add option="-g" />
					<Add option="-DWIN32" />
				</Compiler>
			</Target>
			<Target title="Release_Linux">
				<Option platforms="Windows;Unix;" />
				<Option output="..\lib\xml" prefix_auto="1" extension_auto="1" />
				<Option working_dir="" />
				<Option object_output="obj\Release\" />
				<Option type="2" />
				<Option compiler="gcc" />
				<Option createDefFile="1" />
				<Compiler>
					<Add option="-O3" />
					<Add option="-DFROST_LINUX" />
				</Compiler>
				<Linker>
					<Add option="-s" />
				</Linker>
			</Target>
			<Target title="Debug_Linux">
				<Option platforms="Windows;Unix;" />
				<Option output="..\lib\xml_d" prefix_auto="1" extension_auto="1" />
				<Option working_dir="" />
				<Option object_output="obj\Debug\" />
				<Option type="2" />
				<Option compiler="gcc" />
				<Option createDefFile="1" />
				<Compiler>
					<Add option="-g" />
					<Add option="-DFROST_LINUX" />
				</Compiler>
			</Target>
		</Build>
		<VirtualTargets>
			<Add alias="Linux" targets="Release_Linux;Debug_Linux;" />
			<Add alias="Win32" targets="Release_Win32;Debug_Win32;" />
		</VirtualTargets>
		<Compiler>
			<Add option="-std=c++0x" />
			<Add option="-Wall" />
			<Add option="-DHAS_NULLPTR" />
			<Add directory="include" />
			<Add directory="..\Utils\include" />
		</Compiler>
		<Unit filename="include\frost_xml.h" />
		<Unit filename="include\frost_xml_block.h" />
		<Unit filename="include\frost_xml_document.h" />
		<Unit filename="src\frost_xml_block.cpp" />
		<Unit filename="src\frost_xml_document.cpp" />
		<Extensions>
			<code_completion />
			<envvars />
			<debugger />
			<lib_finder disable_auto="1" />
		</Extensions>
	</Project>
</CodeBlocks_project_file>
